
Microsoft Visual Studio Solution File, Format Version 12.00
# Visual Studio Version 17
VisualStudioVersion = 17.13.35931.197 d17.13
MinimumVisualStudioVersion = 10.0.40219.1
Project("{FAE04EC0-301F-11D3-BF4B-00C04F79EFBC}") = "Bookify.Web", "Bookify.Web\Bookify.Web.csproj", "{E743F97D-5C77-4DA5-BB04-5858AEBB90D1}"
EndProject
Global
	GlobalSection(SolutionConfigurationPlatforms) = preSolution
		Debug|Any CPU = Debug|Any CPU
		Release|Any CPU = Release|Any CPU
	EndGlobalSection
	GlobalSection(ProjectConfigurationPlatforms) = postSolution
		{E743F97D-5C77-4DA5-BB04-5858AEBB90D1}.Debug|Any CPU.ActiveCfg = Debug|Any CPU
		{E743F97D-5C77-4DA5-BB04-5858AEBB90D1}.Debug|Any CPU.Build.0 = Debug|Any CPU
		{E743F97D-5C77-4DA5-BB04-5858AEBB90D1}.Release|Any CPU.ActiveCfg = Release|Any CPU
		{E743F97D-5C77-4DA5-BB04-5858AEBB90D1}.Release|Any CPU.Build.0 = Release|Any CPU
	EndGlobalSection
	GlobalSection(SolutionProperties) = preSolution
		HideSolutionNode = FALSE
	EndGlobalSection
	GlobalSection(ExtensibilityGlobals) = postSolution
		SolutionGuid = {15CFCD30-B9C6-44D7-819C-2D0D97E7685A}
	EndGlobalSection
EndGlobal
